
Microsoft Visual Studio Solution File, Format Version 12.00
# Visual Studio Version 17
VisualStudioVersion = 17.3.32901.215
MinimumVisualStudioVersion = 10.0.40219.1
Project("{FAE04EC0-301F-11D3-BF4B-00C04F79EFBC}") = "ConsoleApp3", "ConsoleApp3\ConsoleApp3.csproj", "{EEF24893-B403-4046-8209-FA1308A95E98}"
EndProject
Global
	GlobalSection(SolutionConfigurationPlatforms) = preSolution
		Debug|Any CPU = Debug|Any CPU
		Release|Any CPU = Release|Any CPU
	EndGlobalSection
	GlobalSection(ProjectConfigurationPlatforms) = postSolution
		{EEF24893-B403-4046-8209-FA1308A95E98}.Debug|Any CPU.ActiveCfg = Debug|Any CPU
		{EEF24893-B403-4046-8209-FA1308A95E98}.Debug|Any CPU.Build.0 = Debug|Any CPU
		{EEF24893-B403-4046-8209-FA1308A95E98}.Release|Any CPU.ActiveCfg = Release|Any CPU
		{EEF24893-B403-4046-8209-FA1308A95E98}.Release|Any CPU.Build.0 = Release|Any CPU
	EndGlobalSection
	GlobalSection(SolutionProperties) = preSolution
		HideSolutionNode = FALSE
	EndGlobalSection
	GlobalSection(ExtensibilityGlobals) = postSolution
		SolutionGuid = {CDC14B63-5370-46C2-BCB5-F374297BE0EF}
	EndGlobalSection
EndGlobal
